// !$*UTF8*$!
{
	archiveVersion = 1;
	classes = {
	};
	objectVersion = 50;
	objects = {

/* Begin PBXBuildFile section */
		3867D3FF25D233630018780F /* AppDelegate.swift in Sources */ = {isa = PBXBuildFile; fileRef = 3867D3FE25D233630018780F /* AppDelegate.swift */; };
		3867D40125D233630018780F /* SceneDelegate.swift in Sources */ = {isa = PBXBuildFile; fileRef = 3867D40025D233630018780F /* SceneDelegate.swift */; };
		3867D40325D233630018780F /* ViewController.swift in Sources */ = {isa = PBXBuildFile; fileRef = 3867D40225D233630018780F /* ViewController.swift */; };
		3867D40625D233630018780F /* Main.storyboard in Resources */ = {isa = PBXBuildFile; fileRef = 3867D40425D233630018780F /* Main.storyboard */; };
		3867D40825D233640018780F /* Assets.xcassets in Resources */ = {isa = PBXBuildFile; fileRef = 3867D40725D233640018780F /* Assets.xcassets */; };
		3867D40B25D233640018780F /* LaunchScreen.storyboard in Resources */ = {isa = PBXBuildFile; fileRef = 3867D40925D233640018780F /* LaunchScreen.storyboard */; };
		3867D41425D236AF0018780F /* EditViewController.swift in Sources */ = {isa = PBXBuildFile; fileRef = 3867D41325D236AF0018780F /* EditViewController.swift */; };
		3867D41B25D2373C0018780F /* lamp_on.png in Resources */ = {isa = PBXBuildFile; fileRef = 3867D41825D2373C0018780F /* lamp_on.png */; };
		3867D41C25D2373C0018780F /* lamp_off.png in Resources */ = {isa = PBXBuildFile; fileRef = 3867D41925D2373C0018780F /* lamp_off.png */; };
		3867D41D25D2373C0018780F /* lamp_remove.png in Resources */ = {isa = PBXBuildFile; fileRef = 3867D41A25D2373C0018780F /* lamp_remove.png */; };
/* End PBXBuildFile section */

/* Begin PBXFileReference section */
		3867D3FB25D233630018780F /* Navigate.app */ = {isa = PBXFileReference; explicitFileType = wrapper.application; includeInIndex = 0; path = Navigate.app; sourceTree = BUILT_PRODUCTS_DIR; };
		3867D3FE25D233630018780F /* AppDelegate.swift */ = {isa = PBXFileReference; lastKnownFileType = sourcecode.swift; path = AppDelegate.swift; sourceTree = "<group>"; };
		3867D40025D233630018780F /* SceneDelegate.swift */ = {isa = PBXFileReference; lastKnownFileType = sourcecode.swift; path = SceneDelegate.swift; sourceTree = "<group>"; };
		3867D40225D233630018780F /* ViewController.swift */ = {isa = PBXFileReference; lastKnownFileType = sourcecode.swift; path = ViewController.swift; sourceTree = "<group>"; };
		3867D40525D233630018780F /* Base */ = {isa = PBXFileReference; lastKnownFileType = file.storyboard; name = Base; path = Base.lproj/Main.storyboard; sourceTree = "<group>"; };
		3867D40725D233640018780F /* Assets.xcassets */ = {isa = PBXFileReference; lastKnownFileType = folder.assetcatalog; path = Assets.xcassets; sourceTree = "<group>"; };
		3867D40A25D233640018780F /* Base */ = {isa = PBXFileReference; lastKnownFileType = file.storyboard; name = Base; path = Base.lproj/LaunchScreen.storyboard; sourceTree = "<group>"; };
		3867D40C25D233640018780F /* Info.plist */ = {isa = PBXFileReference; lastKnownFileType = text.plist.xml; path = Info.plist; sourceTree = "<group>"; };
		3867D41325D236AF0018780F /* EditViewController.swift */ = {isa = PBXFileReference; lastKnownFileType = sourcecode.swift; path = EditViewController.swift; sourceTree = "<group>"; };
		3867D41825D2373C0018780F /* lamp_on.png */ = {isa = PBXFileReference; lastKnownFileType = image.png; name = lamp_on.png; path = ../../../../Reference/lamp_on.png; sourceTree = "<group>"; };
		3867D41925D2373C0018780F /* lamp_off.png */ = {isa = PBXFileReference; lastKnownFileType = image.png; name = lamp_off.png; path = ../../../../Reference/lamp_off.png; sourceTree = "<group>"; };
		3867D41A25D2373C0018780F /* lamp_remove.png */ = {isa = PBXFileReference; lastKnownFileType = image.png; name = lamp_remove.png; path = ../../../../Reference/lamp_remove.png; sourceTree = "<group>"; };
/* End PBXFileReference section */

/* Begin PBXFrameworksBuildPhase section */
		3867D3F825D233630018780F /* Frameworks */ = {
			isa = PBXFrameworksBuildPhase;
			buildActionMask = 2147483647;
			files = (
			);
			runOnlyForDeploymentPostprocessing = 0;
		};
/* End PBXFrameworksBuildPhase section */

/* Begin PBXGroup section */
		3867D3F225D233630018780F = {
			isa = PBXGroup;
			children = (
				3867D3FD25D233630018780F /* Navigate */,
				3867D3FC25D233630018780F /* Products */,
			);
			sourceTree = "<group>";
		};
		3867D3FC25D233630018780F /* Products */ = {
			isa = PBXGroup;
			children = (
				3867D3FB25D233630018780F /* Navigate.app */,
			);
			name = Products;
			sourceTree = "<group>";
		};
		3867D3FD25D233630018780F /* Navigate */ = {
			isa = PBXGroup;
			children = (
				3867D41725D237300018780F /* images */,
				3867D3FE25D233630018780F /* AppDelegate.swift */,
				3867D40025D233630018780F /* SceneDelegate.swift */,
				3867D40225D233630018780F /* ViewController.swift */,
				3867D41325D236AF0018780F /* EditViewController.swift */,
				3867D40425D233630018780F /* Main.storyboard */,
				3867D40725D233640018780F /* Assets.xcassets */,
				3867D40925D233640018780F /* LaunchScreen.storyboard */,
				3867D40C25D233640018780F /* Info.plist */,
			);
			path = Navigate;
			sourceTree = "<group>";
		};
		3867D41725D237300018780F /* images */ = {
			isa = PBXGroup;
			children = (
				3867D41925D2373C0018780F /* lamp_off.png */,
				3867D41825D2373C0018780F /* lamp_on.png */,
				3867D41A25D2373C0018780F /* lamp_remove.png */,
			);
			path = images;
			sourceTree = "<group>";
		};
/* End PBXGroup section */

/* Begin PBXNativeTarget section */
		3867D3FA25D233630018780F /* Navigate */ = {
			isa = PBXNativeTarget;
			buildConfigurationList = 3867D40F25D233640018780F /* Build configuration list for PBXNativeTarget "Navigate" */;
			buildPhases = (
				3867D3F725D233630018780F /* Sources */,
				3867D3F825D233630018780F /* Frameworks */,
				3867D3F925D233630018780F /* Resources */,
			);
			buildRules = (
			);
			dependencies = (
			);
			name = Navigate;
			productName = Navigate;
			productReference = 3867D3FB25D233630018780F /* Navigate.app */;
			productType = "com.apple.product-type.application";
		};
/* End PBXNativeTarget section */

/* Begin PBXProject section */
		3867D3F325D233630018780F /* Project object */ = {
			isa = PBXProject;
			attributes = {
				LastSwiftUpdateCheck = 1240;
				LastUpgradeCheck = 1240;
				TargetAttributes = {
					3867D3FA25D233630018780F = {
						CreatedOnToolsVersion = 12.4;
					};
				};
			};
			buildConfigurationList = 3867D3F625D233630018780F /* Build configuration list for PBXProject "Navigate" */;
			compatibilityVersion = "Xcode 9.3";
			developmentRegion = en;
			hasScannedForEncodings = 0;
			knownRegions = (
				en,
				Base,
			);
			mainGroup = 3867D3F225D233630018780F;
			productRefGroup = 3867D3FC25D233630018780F /* Products */;
			projectDirPath = "";
			projectRoot = "";
			targets = (
				3867D3FA25D233630018780F /* Navigate */,
			);
		};
/* End PBXProject section */

/* Begin PBXResourcesBuildPhase section */
		3867D3F925D233630018780F /* Resources */ = {
			isa = PBXResourcesBuildPhase;
			buildActionMask = 2147483647;
			files = (
				3867D41B25D2373C0018780F /* lamp_on.png in Resources */,
				3867D41D25D2373C0018780F /* lamp_remove.png in Resources */,
				3867D40B25D233640018780F /* LaunchScreen.storyboard in Resources */,
				3867D41C25D2373C0018780F /* lamp_off.png in Resources */,
				3867D40825D233640018780F /* Assets.xcassets in Resources */,
				3867D40625D233630018780F /* Main.storyboard in Resources */,
			);
			runOnlyForDeploymentPostprocessing = 0;
		};
/* End PBXResourcesBuildPhase section */

/* Begin PBXSourcesBuildPhase section */
		3867D3F725D233630018780F /* Sources */ = {
			isa = PBXSourcesBuildPhase;
			buildActionMask = 2147483647;
			files = (
				3867D41425D236AF0018780F /* EditViewController.swift in Sources */,
				3867D40325D233630018780F /* ViewController.swift in Sources */,
				3867D3FF25D233630018780F /* AppDelegate.swift in Sources */,
				3867D40125D233630018780F /* SceneDelegate.swift in Sources */,
			);
			runOnlyForDeploymentPostprocessing = 0;
		};
/* End PBXSourcesBuildPhase section */

/* Begin PBXVariantGroup section */
		3867D40425D233630018780F /* Main.storyboard */ = {
			isa = PBXVariantGroup;
			children = (
				3867D40525D233630018780F /* Base */,
			);
			name = Main.storyboard;
			sourceTree = "<group>";
		};
		3867D40925D233640018780F /* LaunchScreen.storyboard */ = {
			isa = PBXVariantGroup;
			children = (
				3867D40A25D233640018780F /* Base */,
			);
			name = LaunchScreen.storyboard;
			sourceTree = "<group>";
		};
/* End PBXVariantGroup section */

/* Begin XCBuildConfiguration section */
		3867D40D25D233640018780F /* Debug */ = {
			isa = XCBuildConfiguration;
			buildSettings = {
				ALWAYS_SEARCH_USER_PATHS = NO;
				CLANG_ANALYZER_NONNULL = YES;
				CLANG_ANALYZER_NUMBER_OBJECT_CONVERSION = YES_AGGRESSIVE;
				CLANG_CXX_LANGUAGE_STANDARD = "gnu++14";
				CLANG_CXX_LIBRARY = "libc++";
				CLANG_ENABLE_MODULES = YES;
				CLANG_ENABLE_OBJC_ARC = YES;
				CLANG_ENABLE_OBJC_WEAK = YES;
				CLANG_WARN_BLOCK_CAPTURE_AUTORELEASING = YES;
				CLANG_WARN_BOOL_CONVERSION = YES;
				CLANG_WARN_COMMA = YES;
				CLANG_WARN_CONSTANT_CONVERSION = YES;
				CLANG_WARN_DEPRECATED_OBJC_IMPLEMENTATIONS = YES;
				CLANG_WARN_DIRECT_OBJC_ISA_USAGE = YES_ERROR;
				CLANG_WARN_DOCUMENTATION_COMMENTS = YES;
				CLANG_WARN_EMPTY_BODY = YES;
				CLANG_WARN_ENUM_CONVERSION = YES;
				CLANG_WARN_INFINITE_RECURSION = YES;
				CLANG_WARN_INT_CONVERSION = YES;
				CLANG_WARN_NON_LITERAL_NULL_CONVERSION = YES;
				CLANG_WARN_OBJC_IMPLICIT_RETAIN_SELF = YES;
				CLANG_WARN_OBJC_LITERAL_CONVERSION = YES;
				CLANG_WARN_OBJC_ROOT_CLASS = YES_ERROR;
				CLANG_WARN_QUOTED_INCLUDE_IN_FRAMEWORK_HEADER = YES;
				CLANG_WARN_RANGE_LOOP_ANALYSIS = YES;
				CLANG_WARN_STRICT_PROTOTYPES = YES;
				CLANG_WARN_SUSPICIOUS_MOVE = YES;
				CLANG_WARN_UNGUARDED_AVAILABILITY = YES_AGGRESSIVE;
				CLANG_WARN_UNREACHABLE_CODE = YES;
				CLANG_WARN__DUPLICATE_METHOD_MATCH = YES;
				COPY_PHASE_STRIP = NO;
				DEBUG_INFORMATION_FORMAT = dwarf;
				ENABLE_STRICT_OBJC_MSGSEND = YES;
				ENABLE_TESTABILITY = YES;
				GCC_C_LANGUAGE_STANDARD = gnu11;
				GCC_DYNAMIC_NO_PIC = NO;
				GCC_NO_COMMON_BLOCKS = YES;
				GCC_OPTIMIZATION_LEVEL = 0;
				GCC_PREPROCESSOR_DEFINITIONS = (
					"DEBUG=1",
					"$(inherited)",
				);
				GCC_WARN_64_TO_32_BIT_CONVERSION = YES;
				GCC_WARN_ABOUT_RETURN_TYPE = YES_ERROR;
				GCC_WARN_UNDECLARED_SELECTOR = YES;
				GCC_WARN_UNINITIALIZED_AUTOS = YES_AGGRESSIVE;
				GCC_WARN_UNUSED_FUNCTION = YES;
				GCC_WARN_UNUSED_VARIABLE = YES;
				IPHONEOS_DEPLOYMENT_TARGET = 14.4;
				MTL_ENABLE_DEBUG_INFO = INCLUDE_SOURCE;
				MTL_FAST_MATH = YES;
				ONLY_ACTIVE_ARCH = YES;
				SDKROOT = iphoneos;
				SWIFT_ACTIVE_COMPILATION_CONDITIONS = DEBUG;
				SWIFT_OPTIMIZATION_LEVEL = "-Onone";
			};
			name = Debug;
		};
		3867D40E25D233640018780F /* Release */ = {
			isa = XCBuildConfiguration;
			buildSettings = {
				ALWAYS_SEARCH_USER_PATHS = NO;
				CLANG_ANALYZER_NONNULL = YES;
				CLANG_ANALYZER_NUMBER_OBJECT_CONVERSION = YES_AGGRESSIVE;
				CLANG_CXX_LANGUAGE_STANDARD = "gnu++14";
				CLANG_CXX_LIBRARY = "libc++";
				CLANG_ENABLE_MODULES = YES;
				CLANG_ENABLE_OBJC_ARC = YES;
				CLANG_ENABLE_OBJC_WEAK = YES;
				CLANG_WARN_BLOCK_CAPTURE_AUTORELEASING = YES;
				CLANG_WARN_BOOL_CONVERSION = YES;
				CLANG_WARN_COMMA = YES;
				CLANG_WARN_CONSTANT_CONVERSION = YES;
				CLANG_WARN_DEPRECATED_OBJC_IMPLEMENTATIONS = YES;
				CLANG_WARN_DIRECT_OBJC_ISA_USAGE = YES_ERROR;
				CLANG_WARN_DOCUMENTATION_COMMENTS = YES;
				CLANG_WARN_EMPTY_BODY = YES;
				CLANG_WARN_ENUM_CONVERSION = YES;
				CLANG_WARN_INFINITE_RECURSION = YES;
				CLANG_WARN_INT_CONVERSION = YES;
				CLANG_WARN_NON_LITERAL_NULL_CONVERSION = YES;
				CLANG_WARN_OBJC_IMPLICIT_RETAIN_SELF = YES;
				CLANG_WARN_OBJC_LITERAL_CONVERSION = YES;
				CLANG_WARN_OBJC_ROOT_CLASS = YES_ERROR;
				CLANG_WARN_QUOTED_INCLUDE_IN_FRAMEWORK_HEADER = YES;
				CLANG_WARN_RANGE_LOOP_ANALYSIS = YES;
				CLANG_WARN_STRICT_PROTOTYPES = YES;
				CLANG_WARN_SUSPICIOUS_MOVE = YES;
				CLANG_WARN_UNGUARDED_AVAILABILITY = YES_AGGRESSIVE;
				CLANG_WARN_UNREACHABLE_CODE = YES;
				CLANG_WARN__DUPLICATE_METHOD_MATCH = YES;
				COPY_PHASE_STRIP = NO;
				DEBUG_INFORMATION_FORMAT = "dwarf-with-dsym";
				ENABLE_NS_ASSERTIONS = NO;
				ENABLE_STRICT_OBJC_MSGSEND = YES;
				GCC_C_LANGUAGE_STANDARD = gnu11;
				GCC_NO_COMMON_BLOCKS = YES;
				GCC_WARN_64_TO_32_BIT_CONVERSION = YES;
				GCC_WARN_ABOUT_RETURN_TYPE = YES_ERROR;
				GCC_WARN_UNDECLARED_SELECTOR = YES;
				GCC_WARN_UNINITIALIZED_AUTOS = YES_AGGRESSIVE;
				GCC_WARN_UNUSED_FUNCTION = YES;
				GCC_WARN_UNUSED_VARIABLE = YES;
				IPHONEOS_DEPLOYMENT_TARGET = 14.4;
				MTL_ENABLE_DEBUG_INFO = NO;
				MTL_FAST_MATH = YES;
				SDKROOT = iphoneos;
				SWIFT_COMPILATION_MODE = wholemodule;
				SWIFT_OPTIMIZATION_LEVEL = "-O";
				VALIDATE_PRODUCT = YES;
			};
			name = Release;
		};
		3867D41025D233640018780F /* Debug */ = {
			isa = XCBuildConfiguration;
			buildSettings = {
				ASSETCATALOG_COMPILER_APPICON_NAME = AppIcon;
				ASSETCATALOG_COMPILER_GLOBAL_ACCENT_COLOR_NAME = AccentColor;
				CODE_SIGN_STYLE = Automatic;
				INFOPLIST_FILE = Navigate/Info.plist;
				LD_RUNPATH_SEARCH_PATHS = (
					"$(inherited)",
					"@executable_path/Frameworks",
				);
				PRODUCT_BUNDLE_IDENTIFIER = com.swiftlec.Navigate;
				PRODUCT_NAME = "$(TARGET_NAME)";
				SWIFT_VERSION = 5.0;
				TARGETED_DEVICE_FAMILY = "1,2";
			};
			name = Debug;
		};
		3867D41125D233640018780F /* Release */ = {
			isa = XCBuildConfiguration;
			buildSettings = {
				ASSETCATALOG_COMPILER_APPICON_NAME = AppIcon;
				ASSETCATALOG_COMPILER_GLOBAL_ACCENT_COLOR_NAME = AccentColor;
				CODE_SIGN_STYLE = Automatic;
				INFOPLIST_FILE = Navigate/Info.plist;
				LD_RUNPATH_SEARCH_PATHS = (
					"$(inherited)",
					"@executable_path/Frameworks",
				);
				PRODUCT_BUNDLE_IDENTIFIER = com.swiftlec.Navigate;
				PRODUCT_NAME = "$(TARGET_NAME)";
				SWIFT_VERSION = 5.0;
				TARGETED_DEVICE_FAMILY = "1,2";
			};
			name = Release;
		};
/* End XCBuildConfiguration section */

/* Begin XCConfigurationList section */
		3867D3F625D233630018780F /* Build configuration list for PBXProject "Navigate" */ = {
			isa = XCConfigurationList;
			buildConfigurations = (
				3867D40D25D233640018780F /* Debug */,
				3867D40E25D233640018780F /* Release */,
			);
			defaultConfigurationIsVisible = 0;
			defaultConfigurationName = Release;
		};
		3867D40F25D233640018780F /* Build configuration list for PBXNativeTarget "Navigate" */ = {
			isa = XCConfigurationList;
			buildConfigurations = (
				3867D41025D233640018780F /* Debug */,
				3867D41125D233640018780F /* Release */,
			);
			defaultConfigurationIsVisible = 0;
			defaultConfigurationName = Release;
		};
/* End XCConfigurationList section */
	};
	rootObject = 3867D3F325D233630018780F /* Project object */;
}
