// !$*UTF8*$!
{
	archiveVersion = 1;
	classes = {
	};
	objectVersion = 50;
	objects = {

/* Begin PBXBuildFile section */
		3891859225DA64E300E63D5E /* AppDelegate.swift in Sources */ = {isa = PBXBuildFile; fileRef = 3891859125DA64E300E63D5E /* AppDelegate.swift */; };
		3891859425DA64E300E63D5E /* SceneDelegate.swift in Sources */ = {isa = PBXBuildFile; fileRef = 3891859325DA64E300E63D5E /* SceneDelegate.swift */; };
		3891859925DA64E300E63D5E /* Main.storyboard in Resources */ = {isa = PBXBuildFile; fileRef = 3891859725DA64E300E63D5E /* Main.storyboard */; };
		3891859B25DA64E500E63D5E /* Assets.xcassets in Resources */ = {isa = PBXBuildFile; fileRef = 3891859A25DA64E500E63D5E /* Assets.xcassets */; };
		3891859E25DA64E500E63D5E /* LaunchScreen.storyboard in Resources */ = {isa = PBXBuildFile; fileRef = 3891859C25DA64E500E63D5E /* LaunchScreen.storyboard */; };
		389185A825DA658800E63D5E /* TableViewController.swift in Sources */ = {isa = PBXBuildFile; fileRef = 389185A725DA658800E63D5E /* TableViewController.swift */; };
		389185AB25DA661300E63D5E /* DBModel.swift in Sources */ = {isa = PBXBuildFile; fileRef = 389185AA25DA661300E63D5E /* DBModel.swift */; };
		389185AE25DA662200E63D5E /* JsonModel.swift in Sources */ = {isa = PBXBuildFile; fileRef = 389185AD25DA662200E63D5E /* JsonModel.swift */; };
		389185B125DA667F00E63D5E /* TableViewCell.swift in Sources */ = {isa = PBXBuildFile; fileRef = 389185B025DA667F00E63D5E /* TableViewCell.swift */; };
/* End PBXBuildFile section */

/* Begin PBXFileReference section */
		3891858E25DA64E300E63D5E /* ServerJson_02.app */ = {isa = PBXFileReference; explicitFileType = wrapper.application; includeInIndex = 0; path = ServerJson_02.app; sourceTree = BUILT_PRODUCTS_DIR; };
		3891859125DA64E300E63D5E /* AppDelegate.swift */ = {isa = PBXFileReference; lastKnownFileType = sourcecode.swift; path = AppDelegate.swift; sourceTree = "<group>"; };
		3891859325DA64E300E63D5E /* SceneDelegate.swift */ = {isa = PBXFileReference; lastKnownFileType = sourcecode.swift; path = SceneDelegate.swift; sourceTree = "<group>"; };
		3891859825DA64E300E63D5E /* Base */ = {isa = PBXFileReference; lastKnownFileType = file.storyboard; name = Base; path = Base.lproj/Main.storyboard; sourceTree = "<group>"; };
		3891859A25DA64E500E63D5E /* Assets.xcassets */ = {isa = PBXFileReference; lastKnownFileType = folder.assetcatalog; path = Assets.xcassets; sourceTree = "<group>"; };
		3891859D25DA64E500E63D5E /* Base */ = {isa = PBXFileReference; lastKnownFileType = file.storyboard; name = Base; path = Base.lproj/LaunchScreen.storyboard; sourceTree = "<group>"; };
		3891859F25DA64E500E63D5E /* Info.plist */ = {isa = PBXFileReference; lastKnownFileType = text.plist.xml; path = Info.plist; sourceTree = "<group>"; };
		389185A725DA658800E63D5E /* TableViewController.swift */ = {isa = PBXFileReference; lastKnownFileType = sourcecode.swift; path = TableViewController.swift; sourceTree = "<group>"; };
		389185AA25DA661300E63D5E /* DBModel.swift */ = {isa = PBXFileReference; lastKnownFileType = sourcecode.swift; path = DBModel.swift; sourceTree = "<group>"; };
		389185AD25DA662200E63D5E /* JsonModel.swift */ = {isa = PBXFileReference; lastKnownFileType = sourcecode.swift; path = JsonModel.swift; sourceTree = "<group>"; };
		389185B025DA667F00E63D5E /* TableViewCell.swift */ = {isa = PBXFileReference; lastKnownFileType = sourcecode.swift; path = TableViewCell.swift; sourceTree = "<group>"; };
/* End PBXFileReference section */

/* Begin PBXFrameworksBuildPhase section */
		3891858B25DA64E300E63D5E /* Frameworks */ = {
			isa = PBXFrameworksBuildPhase;
			buildActionMask = 2147483647;
			files = (
			);
			runOnlyForDeploymentPostprocessing = 0;
		};
/* End PBXFrameworksBuildPhase section */

/* Begin PBXGroup section */
		3891858525DA64E300E63D5E = {
			isa = PBXGroup;
			children = (
				3891859025DA64E300E63D5E /* ServerJson_02 */,
				3891858F25DA64E300E63D5E /* Products */,
			);
			sourceTree = "<group>";
		};
		3891858F25DA64E300E63D5E /* Products */ = {
			isa = PBXGroup;
			children = (
				3891858E25DA64E300E63D5E /* ServerJson_02.app */,
			);
			name = Products;
			sourceTree = "<group>";
		};
		3891859025DA64E300E63D5E /* ServerJson_02 */ = {
			isa = PBXGroup;
			children = (
				3891859125DA64E300E63D5E /* AppDelegate.swift */,
				3891859325DA64E300E63D5E /* SceneDelegate.swift */,
				3891859725DA64E300E63D5E /* Main.storyboard */,
				3891859A25DA64E500E63D5E /* Assets.xcassets */,
				3891859C25DA64E500E63D5E /* LaunchScreen.storyboard */,
				3891859F25DA64E500E63D5E /* Info.plist */,
				389185A725DA658800E63D5E /* TableViewController.swift */,
				389185AA25DA661300E63D5E /* DBModel.swift */,
				389185AD25DA662200E63D5E /* JsonModel.swift */,
				389185B025DA667F00E63D5E /* TableViewCell.swift */,
			);
			path = ServerJson_02;
			sourceTree = "<group>";
		};
/* End PBXGroup section */

/* Begin PBXNativeTarget section */
		3891858D25DA64E300E63D5E /* ServerJson_02 */ = {
			isa = PBXNativeTarget;
			buildConfigurationList = 389185A225DA64E500E63D5E /* Build configuration list for PBXNativeTarget "ServerJson_02" */;
			buildPhases = (
				3891858A25DA64E300E63D5E /* Sources */,
				3891858B25DA64E300E63D5E /* Frameworks */,
				3891858C25DA64E300E63D5E /* Resources */,
			);
			buildRules = (
			);
			dependencies = (
			);
			name = ServerJson_02;
			productName = ServerJson_02;
			productReference = 3891858E25DA64E300E63D5E /* ServerJson_02.app */;
			productType = "com.apple.product-type.application";
		};
/* End PBXNativeTarget section */

/* Begin PBXProject section */
		3891858625DA64E300E63D5E /* Project object */ = {
			isa = PBXProject;
			attributes = {
				LastSwiftUpdateCheck = 1240;
				LastUpgradeCheck = 1240;
				TargetAttributes = {
					3891858D25DA64E300E63D5E = {
						CreatedOnToolsVersion = 12.4;
					};
				};
			};
			buildConfigurationList = 3891858925DA64E300E63D5E /* Build configuration list for PBXProject "ServerJson_02" */;
			compatibilityVersion = "Xcode 9.3";
			developmentRegion = en;
			hasScannedForEncodings = 0;
			knownRegions = (
				en,
				Base,
			);
			mainGroup = 3891858525DA64E300E63D5E;
			productRefGroup = 3891858F25DA64E300E63D5E /* Products */;
			projectDirPath = "";
			projectRoot = "";
			targets = (
				3891858D25DA64E300E63D5E /* ServerJson_02 */,
			);
		};
/* End PBXProject section */

/* Begin PBXResourcesBuildPhase section */
		3891858C25DA64E300E63D5E /* Resources */ = {
			isa = PBXResourcesBuildPhase;
			buildActionMask = 2147483647;
			files = (
				3891859E25DA64E500E63D5E /* LaunchScreen.storyboard in Resources */,
				3891859B25DA64E500E63D5E /* Assets.xcassets in Resources */,
				3891859925DA64E300E63D5E /* Main.storyboard in Resources */,
			);
			runOnlyForDeploymentPostprocessing = 0;
		};
/* End PBXResourcesBuildPhase section */

/* Begin PBXSourcesBuildPhase section */
		3891858A25DA64E300E63D5E /* Sources */ = {
			isa = PBXSourcesBuildPhase;
			buildActionMask = 2147483647;
			files = (
				389185AE25DA662200E63D5E /* JsonModel.swift in Sources */,
				3891859225DA64E300E63D5E /* AppDelegate.swift in Sources */,
				389185A825DA658800E63D5E /* TableViewController.swift in Sources */,
				389185B125DA667F00E63D5E /* TableViewCell.swift in Sources */,
				3891859425DA64E300E63D5E /* SceneDelegate.swift in Sources */,
				389185AB25DA661300E63D5E /* DBModel.swift in Sources */,
			);
			runOnlyForDeploymentPostprocessing = 0;
		};
/* End PBXSourcesBuildPhase section */

/* Begin PBXVariantGroup section */
		3891859725DA64E300E63D5E /* Main.storyboard */ = {
			isa = PBXVariantGroup;
			children = (
				3891859825DA64E300E63D5E /* Base */,
			);
			name = Main.storyboard;
			sourceTree = "<group>";
		};
		3891859C25DA64E500E63D5E /* LaunchScreen.storyboard */ = {
			isa = PBXVariantGroup;
			children = (
				3891859D25DA64E500E63D5E /* Base */,
			);
			name = LaunchScreen.storyboard;
			sourceTree = "<group>";
		};
/* End PBXVariantGroup section */

/* Begin XCBuildConfiguration section */
		389185A025DA64E500E63D5E /* Debug */ = {
			isa = XCBuildConfiguration;
			buildSettings = {
				ALWAYS_SEARCH_USER_PATHS = NO;
				CLANG_ANALYZER_NONNULL = YES;
				CLANG_ANALYZER_NUMBER_OBJECT_CONVERSION = YES_AGGRESSIVE;
				CLANG_CXX_LANGUAGE_STANDARD = "gnu++14";
				CLANG_CXX_LIBRARY = "libc++";
				CLANG_ENABLE_MODULES = YES;
				CLANG_ENABLE_OBJC_ARC = YES;
				CLANG_ENABLE_OBJC_WEAK = YES;
				CLANG_WARN_BLOCK_CAPTURE_AUTORELEASING = YES;
				CLANG_WARN_BOOL_CONVERSION = YES;
				CLANG_WARN_COMMA = YES;
				CLANG_WARN_CONSTANT_CONVERSION = YES;
				CLANG_WARN_DEPRECATED_OBJC_IMPLEMENTATIONS = YES;
				CLANG_WARN_DIRECT_OBJC_ISA_USAGE = YES_ERROR;
				CLANG_WARN_DOCUMENTATION_COMMENTS = YES;
				CLANG_WARN_EMPTY_BODY = YES;
				CLANG_WARN_ENUM_CONVERSION = YES;
				CLANG_WARN_INFINITE_RECURSION = YES;
				CLANG_WARN_INT_CONVERSION = YES;
				CLANG_WARN_NON_LITERAL_NULL_CONVERSION = YES;
				CLANG_WARN_OBJC_IMPLICIT_RETAIN_SELF = YES;
				CLANG_WARN_OBJC_LITERAL_CONVERSION = YES;
				CLANG_WARN_OBJC_ROOT_CLASS = YES_ERROR;
				CLANG_WARN_QUOTED_INCLUDE_IN_FRAMEWORK_HEADER = YES;
				CLANG_WARN_RANGE_LOOP_ANALYSIS = YES;
				CLANG_WARN_STRICT_PROTOTYPES = YES;
				CLANG_WARN_SUSPICIOUS_MOVE = YES;
				CLANG_WARN_UNGUARDED_AVAILABILITY = YES_AGGRESSIVE;
				CLANG_WARN_UNREACHABLE_CODE = YES;
				CLANG_WARN__DUPLICATE_METHOD_MATCH = YES;
				COPY_PHASE_STRIP = NO;
				DEBUG_INFORMATION_FORMAT = dwarf;
				ENABLE_STRICT_OBJC_MSGSEND = YES;
				ENABLE_TESTABILITY = YES;
				GCC_C_LANGUAGE_STANDARD = gnu11;
				GCC_DYNAMIC_NO_PIC = NO;
				GCC_NO_COMMON_BLOCKS = YES;
				GCC_OPTIMIZATION_LEVEL = 0;
				GCC_PREPROCESSOR_DEFINITIONS = (
					"DEBUG=1",
					"$(inherited)",
				);
				GCC_WARN_64_TO_32_BIT_CONVERSION = YES;
				GCC_WARN_ABOUT_RETURN_TYPE = YES_ERROR;
				GCC_WARN_UNDECLARED_SELECTOR = YES;
				GCC_WARN_UNINITIALIZED_AUTOS = YES_AGGRESSIVE;
				GCC_WARN_UNUSED_FUNCTION = YES;
				GCC_WARN_UNUSED_VARIABLE = YES;
				IPHONEOS_DEPLOYMENT_TARGET = 14.4;
				MTL_ENABLE_DEBUG_INFO = INCLUDE_SOURCE;
				MTL_FAST_MATH = YES;
				ONLY_ACTIVE_ARCH = YES;
				SDKROOT = iphoneos;
				SWIFT_ACTIVE_COMPILATION_CONDITIONS = DEBUG;
				SWIFT_OPTIMIZATION_LEVEL = "-Onone";
			};
			name = Debug;
		};
		389185A125DA64E500E63D5E /* Release */ = {
			isa = XCBuildConfiguration;
			buildSettings = {
				ALWAYS_SEARCH_USER_PATHS = NO;
				CLANG_ANALYZER_NONNULL = YES;
				CLANG_ANALYZER_NUMBER_OBJECT_CONVERSION = YES_AGGRESSIVE;
				CLANG_CXX_LANGUAGE_STANDARD = "gnu++14";
				CLANG_CXX_LIBRARY = "libc++";
				CLANG_ENABLE_MODULES = YES;
				CLANG_ENABLE_OBJC_ARC = YES;
				CLANG_ENABLE_OBJC_WEAK = YES;
				CLANG_WARN_BLOCK_CAPTURE_AUTORELEASING = YES;
				CLANG_WARN_BOOL_CONVERSION = YES;
				CLANG_WARN_COMMA = YES;
				CLANG_WARN_CONSTANT_CONVERSION = YES;
				CLANG_WARN_DEPRECATED_OBJC_IMPLEMENTATIONS = YES;
				CLANG_WARN_DIRECT_OBJC_ISA_USAGE = YES_ERROR;
				CLANG_WARN_DOCUMENTATION_COMMENTS = YES;
				CLANG_WARN_EMPTY_BODY = YES;
				CLANG_WARN_ENUM_CONVERSION = YES;
				CLANG_WARN_INFINITE_RECURSION = YES;
				CLANG_WARN_INT_CONVERSION = YES;
				CLANG_WARN_NON_LITERAL_NULL_CONVERSION = YES;
				CLANG_WARN_OBJC_IMPLICIT_RETAIN_SELF = YES;
				CLANG_WARN_OBJC_LITERAL_CONVERSION = YES;
				CLANG_WARN_OBJC_ROOT_CLASS = YES_ERROR;
				CLANG_WARN_QUOTED_INCLUDE_IN_FRAMEWORK_HEADER = YES;
				CLANG_WARN_RANGE_LOOP_ANALYSIS = YES;
				CLANG_WARN_STRICT_PROTOTYPES = YES;
				CLANG_WARN_SUSPICIOUS_MOVE = YES;
				CLANG_WARN_UNGUARDED_AVAILABILITY = YES_AGGRESSIVE;
				CLANG_WARN_UNREACHABLE_CODE = YES;
				CLANG_WARN__DUPLICATE_METHOD_MATCH = YES;
				COPY_PHASE_STRIP = NO;
				DEBUG_INFORMATION_FORMAT = "dwarf-with-dsym";
				ENABLE_NS_ASSERTIONS = NO;
				ENABLE_STRICT_OBJC_MSGSEND = YES;
				GCC_C_LANGUAGE_STANDARD = gnu11;
				GCC_NO_COMMON_BLOCKS = YES;
				GCC_WARN_64_TO_32_BIT_CONVERSION = YES;
				GCC_WARN_ABOUT_RETURN_TYPE = YES_ERROR;
				GCC_WARN_UNDECLARED_SELECTOR = YES;
				GCC_WARN_UNINITIALIZED_AUTOS = YES_AGGRESSIVE;
				GCC_WARN_UNUSED_FUNCTION = YES;
				GCC_WARN_UNUSED_VARIABLE = YES;
				IPHONEOS_DEPLOYMENT_TARGET = 14.4;
				MTL_ENABLE_DEBUG_INFO = NO;
				MTL_FAST_MATH = YES;
				SDKROOT = iphoneos;
				SWIFT_COMPILATION_MODE = wholemodule;
				SWIFT_OPTIMIZATION_LEVEL = "-O";
				VALIDATE_PRODUCT = YES;
			};
			name = Release;
		};
		389185A325DA64E500E63D5E /* Debug */ = {
			isa = XCBuildConfiguration;
			buildSettings = {
				ASSETCATALOG_COMPILER_APPICON_NAME = AppIcon;
				ASSETCATALOG_COMPILER_GLOBAL_ACCENT_COLOR_NAME = AccentColor;
				CODE_SIGN_STYLE = Automatic;
				INFOPLIST_FILE = ServerJson_02/Info.plist;
				LD_RUNPATH_SEARCH_PATHS = (
					"$(inherited)",
					"@executable_path/Frameworks",
				);
				PRODUCT_BUNDLE_IDENTIFIER = "com.swiftlec.ServerJson-02";
				PRODUCT_NAME = "$(TARGET_NAME)";
				SWIFT_VERSION = 5.0;
				TARGETED_DEVICE_FAMILY = "1,2";
			};
			name = Debug;
		};
		389185A425DA64E500E63D5E /* Release */ = {
			isa = XCBuildConfiguration;
			buildSettings = {
				ASSETCATALOG_COMPILER_APPICON_NAME = AppIcon;
				ASSETCATALOG_COMPILER_GLOBAL_ACCENT_COLOR_NAME = AccentColor;
				CODE_SIGN_STYLE = Automatic;
				INFOPLIST_FILE = ServerJson_02/Info.plist;
				LD_RUNPATH_SEARCH_PATHS = (
					"$(inherited)",
					"@executable_path/Frameworks",
				);
				PRODUCT_BUNDLE_IDENTIFIER = "com.swiftlec.ServerJson-02";
				PRODUCT_NAME = "$(TARGET_NAME)";
				SWIFT_VERSION = 5.0;
				TARGETED_DEVICE_FAMILY = "1,2";
			};
			name = Release;
		};
/* End XCBuildConfiguration section */

/* Begin XCConfigurationList section */
		3891858925DA64E300E63D5E /* Build configuration list for PBXProject "ServerJson_02" */ = {
			isa = XCConfigurationList;
			buildConfigurations = (
				389185A025DA64E500E63D5E /* Debug */,
				389185A125DA64E500E63D5E /* Release */,
			);
			defaultConfigurationIsVisible = 0;
			defaultConfigurationName = Release;
		};
		389185A225DA64E500E63D5E /* Build configuration list for PBXNativeTarget "ServerJson_02" */ = {
			isa = XCConfigurationList;
			buildConfigurations = (
				389185A325DA64E500E63D5E /* Debug */,
				389185A425DA64E500E63D5E /* Release */,
			);
			defaultConfigurationIsVisible = 0;
			defaultConfigurationName = Release;
		};
/* End XCConfigurationList section */
	};
	rootObject = 3891858625DA64E300E63D5E /* Project object */;
}
